
Microsoft Visual Studio Solution File, Format Version 12.00
# Visual Studio Version 17
VisualStudioVersion = 17.14.36603.0 d17.14
MinimumVisualStudioVersion = 10.0.40219.1
Project("{FAE04EC0-301F-11D3-BF4B-00C04F79EFBC}") = "Proyecto progra 2.5", "Proyecto progra 2.5\Proyecto progra 2.5.csproj", "{6912A78A-C068-4A49-B84E-ACC60B741313}"
EndProject
Global
	GlobalSection(SolutionConfigurationPlatforms) = preSolution
		Debug|Any CPU = Debug|Any CPU
		Release|Any CPU = Release|Any CPU
	EndGlobalSection
	GlobalSection(ProjectConfigurationPlatforms) = postSolution
		{6912A78A-C068-4A49-B84E-ACC60B741313}.Debug|Any CPU.ActiveCfg = Debug|Any CPU
		{6912A78A-C068-4A49-B84E-ACC60B741313}.Debug|Any CPU.Build.0 = Debug|Any CPU
		{6912A78A-C068-4A49-B84E-ACC60B741313}.Release|Any CPU.ActiveCfg = Release|Any CPU
		{6912A78A-C068-4A49-B84E-ACC60B741313}.Release|Any CPU.Build.0 = Release|Any CPU
	EndGlobalSection
	GlobalSection(SolutionProperties) = preSolution
		HideSolutionNode = FALSE
	EndGlobalSection
	GlobalSection(ExtensibilityGlobals) = postSolution
		SolutionGuid = {21D08805-68C6-4B9B-B39F-FB66F8628CDF}
	EndGlobalSection
EndGlobal
